
Microsoft Visual Studio Solution File, Format Version 12.00
# Visual Studio Version 16
VisualStudioVersion = 16.0.31613.86
MinimumVisualStudioVersion = 10.0.40219.1
Project("{FAE04EC0-301F-11D3-BF4B-00C04F79EFBC}") = "DataAccess", "DataAccess\DataAccess.csproj", "{B32572C7-5CF9-4751-B80D-1D0FF5348532}"
EndProject
Project("{FAE04EC0-301F-11D3-BF4B-00C04F79EFBC}") = "Business", "Business\Business.csproj", "{3516F911-B72A-4E63-A1A5-F7A48E973A9E}"
EndProject
Project("{FAE04EC0-301F-11D3-BF4B-00C04F79EFBC}") = "Entities", "Entitys\Entities.csproj", "{C9486569-448D-41B7-8D62-FCCF2D90C56D}"
EndProject
Project("{FAE04EC0-301F-11D3-BF4B-00C04F79EFBC}") = "ConsoleUI", "ConsoleUI\ConsoleUI.csproj", "{96312600-4DA6-47F8-8F51-1DF25BFCC8BA}"
EndProject
Global
	GlobalSection(SolutionConfigurationPlatforms) = preSolution
		Debug|Any CPU = Debug|Any CPU
		Release|Any CPU = Release|Any CPU
	EndGlobalSection
	GlobalSection(ProjectConfigurationPlatforms) = postSolution
		{B32572C7-5CF9-4751-B80D-1D0FF5348532}.Debug|Any CPU.ActiveCfg = Debug|Any CPU
		{B32572C7-5CF9-4751-B80D-1D0FF5348532}.Debug|Any CPU.Build.0 = Debug|Any CPU
		{B32572C7-5CF9-4751-B80D-1D0FF5348532}.Release|Any CPU.ActiveCfg = Release|Any CPU
		{B32572C7-5CF9-4751-B80D-1D0FF5348532}.Release|Any CPU.Build.0 = Release|Any CPU
		{3516F911-B72A-4E63-A1A5-F7A48E973A9E}.Debug|Any CPU.ActiveCfg = Debug|Any CPU
		{3516F911-B72A-4E63-A1A5-F7A48E973A9E}.Debug|Any CPU.Build.0 = Debug|Any CPU
		{3516F911-B72A-4E63-A1A5-F7A48E973A9E}.Release|Any CPU.ActiveCfg = Release|Any CPU
		{3516F911-B72A-4E63-A1A5-F7A48E973A9E}.Release|Any CPU.Build.0 = Release|Any CPU
		{C9486569-448D-41B7-8D62-FCCF2D90C56D}.Debug|Any CPU.ActiveCfg = Debug|Any CPU
		{C9486569-448D-41B7-8D62-FCCF2D90C56D}.Debug|Any CPU.Build.0 = Debug|Any CPU
		{C9486569-448D-41B7-8D62-FCCF2D90C56D}.Release|Any CPU.ActiveCfg = Release|Any CPU
		{C9486569-448D-41B7-8D62-FCCF2D90C56D}.Release|Any CPU.Build.0 = Release|Any CPU
		{96312600-4DA6-47F8-8F51-1DF25BFCC8BA}.Debug|Any CPU.ActiveCfg = Debug|Any CPU
		{96312600-4DA6-47F8-8F51-1DF25BFCC8BA}.Debug|Any CPU.Build.0 = Debug|Any CPU
		{96312600-4DA6-47F8-8F51-1DF25BFCC8BA}.Release|Any CPU.ActiveCfg = Release|Any CPU
		{96312600-4DA6-47F8-8F51-1DF25BFCC8BA}.Release|Any CPU.Build.0 = Release|Any CPU
	EndGlobalSection
	GlobalSection(SolutionProperties) = preSolution
		HideSolutionNode = FALSE
	EndGlobalSection
	GlobalSection(ExtensibilityGlobals) = postSolution
		SolutionGuid = {943C14B4-76F4-47FD-993E-D4423FB4EE90}
	EndGlobalSection
EndGlobal
